
Microsoft Visual Studio Solution File, Format Version 12.00
Project("{FAE04EC0-301F-11D3-BF4B-00C04F79EFBC}") = "MySql", "MySql\MySql.csproj", "{7E2D76FF-8365-454B-9697-C5C1E3806615}"
EndProject
Project("{FAE04EC0-301F-11D3-BF4B-00C04F79EFBC}") = "MySql.Tests", "MySql.Tests\MySql.Tests.csproj", "{8DEDB96A-B11A-430F-B576-64E3C7B10FD2}"
EndProject
Project("{2150E333-8FDC-42A3-9474-1A3956D46DE8}") = "Solution Items", "Solution Items", "{20383665-79C8-41AD-B477-57F76CF64737}"
ProjectSection(SolutionItems) = preProject
	.gitignore = .gitignore
	LICENSE = LICENSE
	README.md = README.md
EndProjectSection
EndProject
Project("{2150E333-8FDC-42A3-9474-1A3956D46DE8}") = "Workflows", "Workflows", "{556047DD-48F2-45D5-A355-E4C8B9EF56F3}"
ProjectSection(SolutionItems) = preProject
	GitVersion.yml = GitVersion.yml
	.github\workflows\CI.yml = .github\workflows\CI.yml
	.github\workflows\Release.yml = .github\workflows\Release.yml
EndProjectSection
EndProject
Global
	GlobalSection(SolutionConfigurationPlatforms) = preSolution
		Debug|Any CPU = Debug|Any CPU
		Release|Any CPU = Release|Any CPU
	EndGlobalSection
	GlobalSection(ProjectConfigurationPlatforms) = postSolution
		{7E2D76FF-8365-454B-9697-C5C1E3806615}.Debug|Any CPU.ActiveCfg = Debug|Any CPU
		{7E2D76FF-8365-454B-9697-C5C1E3806615}.Debug|Any CPU.Build.0 = Debug|Any CPU
		{7E2D76FF-8365-454B-9697-C5C1E3806615}.Release|Any CPU.ActiveCfg = Release|Any CPU
		{7E2D76FF-8365-454B-9697-C5C1E3806615}.Release|Any CPU.Build.0 = Release|Any CPU
		{8DEDB96A-B11A-430F-B576-64E3C7B10FD2}.Debug|Any CPU.ActiveCfg = Debug|Any CPU
		{8DEDB96A-B11A-430F-B576-64E3C7B10FD2}.Debug|Any CPU.Build.0 = Debug|Any CPU
		{8DEDB96A-B11A-430F-B576-64E3C7B10FD2}.Release|Any CPU.ActiveCfg = Release|Any CPU
		{8DEDB96A-B11A-430F-B576-64E3C7B10FD2}.Release|Any CPU.Build.0 = Release|Any CPU
	EndGlobalSection
EndGlobal
